// !$*UTF8*$!
{
	archiveVersion = 1;
	classes = {
	};
	objectVersion = 50;
	objects = {

/* Begin PBXBuildFile section */
		8431926A23DF31D700EF7FF9 /* ShowDisplayViewController.swift in Sources */ = {isa = PBXBuildFile; fileRef = 8431926923DF31D700EF7FF9 /* ShowDisplayViewController.swift */; };
		8431926C23DF3C4900EF7FF9 /* InfoProtocol.swift in Sources */ = {isa = PBXBuildFile; fileRef = 8431926B23DF3C4900EF7FF9 /* InfoProtocol.swift */; };
		8431926E23DF3CA100EF7FF9 /* AvilableClasses.swift in Sources */ = {isa = PBXBuildFile; fileRef = 8431926D23DF3CA100EF7FF9 /* AvilableClasses.swift */; };
		8431927223E0379F00EF7FF9 /* Model.swift in Sources */ = {isa = PBXBuildFile; fileRef = 8431927123E0379F00EF7FF9 /* Model.swift */; };
		8431927423E039A800EF7FF9 /* JSONService.swift in Sources */ = {isa = PBXBuildFile; fileRef = 8431927323E039A800EF7FF9 /* JSONService.swift */; };
		8431929623E065D500EF7FF9 /* TextViewController.swift in Sources */ = {isa = PBXBuildFile; fileRef = 8431929523E065D500EF7FF9 /* TextViewController.swift */; };
		84F9B23623DB3136009A29A6 /* AppDelegate.swift in Sources */ = {isa = PBXBuildFile; fileRef = 84F9B23523DB3136009A29A6 /* AppDelegate.swift */; };
		84F9B23823DB3136009A29A6 /* SceneDelegate.swift in Sources */ = {isa = PBXBuildFile; fileRef = 84F9B23723DB3136009A29A6 /* SceneDelegate.swift */; };
		84F9B23A23DB3136009A29A6 /* ViewController.swift in Sources */ = {isa = PBXBuildFile; fileRef = 84F9B23923DB3136009A29A6 /* ViewController.swift */; };
		84F9B23F23DB3137009A29A6 /* Assets.xcassets in Resources */ = {isa = PBXBuildFile; fileRef = 84F9B23E23DB3137009A29A6 /* Assets.xcassets */; };
		84F9B24223DB3137009A29A6 /* LaunchScreen.storyboard in Resources */ = {isa = PBXBuildFile; fileRef = 84F9B24023DB3137009A29A6 /* LaunchScreen.storyboard */; };
/* End PBXBuildFile section */

/* Begin PBXFileReference section */
		8431926923DF31D700EF7FF9 /* ShowDisplayViewController.swift */ = {isa = PBXFileReference; lastKnownFileType = sourcecode.swift; path = ShowDisplayViewController.swift; sourceTree = "<group>"; };
		8431926B23DF3C4900EF7FF9 /* InfoProtocol.swift */ = {isa = PBXFileReference; lastKnownFileType = sourcecode.swift; path = InfoProtocol.swift; sourceTree = "<group>"; };
		8431926D23DF3CA100EF7FF9 /* AvilableClasses.swift */ = {isa = PBXFileReference; lastKnownFileType = sourcecode.swift; path = AvilableClasses.swift; sourceTree = "<group>"; };
		8431927123E0379F00EF7FF9 /* Model.swift */ = {isa = PBXFileReference; lastKnownFileType = sourcecode.swift; path = Model.swift; sourceTree = "<group>"; };
		8431927323E039A800EF7FF9 /* JSONService.swift */ = {isa = PBXFileReference; lastKnownFileType = sourcecode.swift; path = JSONService.swift; sourceTree = "<group>"; };
		8431929523E065D500EF7FF9 /* TextViewController.swift */ = {isa = PBXFileReference; lastKnownFileType = sourcecode.swift; path = TextViewController.swift; sourceTree = "<group>"; };
		84F9B23223DB3136009A29A6 /* BooksAndMagazines.app */ = {isa = PBXFileReference; explicitFileType = wrapper.application; includeInIndex = 0; path = BooksAndMagazines.app; sourceTree = BUILT_PRODUCTS_DIR; };
		84F9B23523DB3136009A29A6 /* AppDelegate.swift */ = {isa = PBXFileReference; lastKnownFileType = sourcecode.swift; path = AppDelegate.swift; sourceTree = "<group>"; };
		84F9B23723DB3136009A29A6 /* SceneDelegate.swift */ = {isa = PBXFileReference; lastKnownFileType = sourcecode.swift; path = SceneDelegate.swift; sourceTree = "<group>"; };
		84F9B23923DB3136009A29A6 /* ViewController.swift */ = {isa = PBXFileReference; lastKnownFileType = sourcecode.swift; path = ViewController.swift; sourceTree = "<group>"; };
		84F9B23E23DB3137009A29A6 /* Assets.xcassets */ = {isa = PBXFileReference; lastKnownFileType = folder.assetcatalog; path = Assets.xcassets; sourceTree = "<group>"; };
		84F9B24123DB3137009A29A6 /* Base */ = {isa = PBXFileReference; lastKnownFileType = file.storyboard; name = Base; path = Base.lproj/LaunchScreen.storyboard; sourceTree = "<group>"; };
		84F9B24323DB3137009A29A6 /* Info.plist */ = {isa = PBXFileReference; lastKnownFileType = text.plist.xml; path = Info.plist; sourceTree = "<group>"; };
/* End PBXFileReference section */

/* Begin PBXFrameworksBuildPhase section */
		84F9B22F23DB3136009A29A6 /* Frameworks */ = {
			isa = PBXFrameworksBuildPhase;
			buildActionMask = 2147483647;
			files = (
			);
			runOnlyForDeploymentPostprocessing = 0;
		};
/* End PBXFrameworksBuildPhase section */

/* Begin PBXGroup section */
		84F9B22923DB3136009A29A6 = {
			isa = PBXGroup;
			children = (
				84F9B23423DB3136009A29A6 /* BooksAndMagazines */,
				84F9B23323DB3136009A29A6 /* Products */,
			);
			sourceTree = "<group>";
		};
		84F9B23323DB3136009A29A6 /* Products */ = {
			isa = PBXGroup;
			children = (
				84F9B23223DB3136009A29A6 /* BooksAndMagazines.app */,
			);
			name = Products;
			sourceTree = "<group>";
		};
		84F9B23423DB3136009A29A6 /* BooksAndMagazines */ = {
			isa = PBXGroup;
			children = (
				84F9B23523DB3136009A29A6 /* AppDelegate.swift */,
				84F9B23723DB3136009A29A6 /* SceneDelegate.swift */,
				84F9B23923DB3136009A29A6 /* ViewController.swift */,
				8431926923DF31D700EF7FF9 /* ShowDisplayViewController.swift */,
				8431929523E065D500EF7FF9 /* TextViewController.swift */,
				8431926B23DF3C4900EF7FF9 /* InfoProtocol.swift */,
				8431926D23DF3CA100EF7FF9 /* AvilableClasses.swift */,
				8431927323E039A800EF7FF9 /* JSONService.swift */,
				8431927123E0379F00EF7FF9 /* Model.swift */,
				84F9B23E23DB3137009A29A6 /* Assets.xcassets */,
				84F9B24023DB3137009A29A6 /* LaunchScreen.storyboard */,
				84F9B24323DB3137009A29A6 /* Info.plist */,
			);
			path = BooksAndMagazines;
			sourceTree = "<group>";
		};
/* End PBXGroup section */

/* Begin PBXNativeTarget section */
		84F9B23123DB3136009A29A6 /* BooksAndMagazines */ = {
			isa = PBXNativeTarget;
			buildConfigurationList = 84F9B24623DB3137009A29A6 /* Build configuration list for PBXNativeTarget "BooksAndMagazines" */;
			buildPhases = (
				84F9B22E23DB3136009A29A6 /* Sources */,
				84F9B22F23DB3136009A29A6 /* Frameworks */,
				84F9B23023DB3136009A29A6 /* Resources */,
			);
			buildRules = (
			);
			dependencies = (
			);
			name = BooksAndMagazines;
			productName = BooksAndMagazines;
			productReference = 84F9B23223DB3136009A29A6 /* BooksAndMagazines.app */;
			productType = "com.apple.product-type.application";
		};
/* End PBXNativeTarget section */

/* Begin PBXProject section */
		84F9B22A23DB3136009A29A6 /* Project object */ = {
			isa = PBXProject;
			attributes = {
				LastSwiftUpdateCheck = 1130;
				LastUpgradeCheck = 1130;
				ORGANIZATIONNAME = admin;
				TargetAttributes = {
					84F9B23123DB3136009A29A6 = {
						CreatedOnToolsVersion = 11.3.1;
					};
				};
			};
			buildConfigurationList = 84F9B22D23DB3136009A29A6 /* Build configuration list for PBXProject "BooksAndMagazines" */;
			compatibilityVersion = "Xcode 9.3";
			developmentRegion = en;
			hasScannedForEncodings = 0;
			knownRegions = (
				en,
				Base,
			);
			mainGroup = 84F9B22923DB3136009A29A6;
			productRefGroup = 84F9B23323DB3136009A29A6 /* Products */;
			projectDirPath = "";
			projectRoot = "";
			targets = (
				84F9B23123DB3136009A29A6 /* BooksAndMagazines */,
			);
		};
/* End PBXProject section */

/* Begin PBXResourcesBuildPhase section */
		84F9B23023DB3136009A29A6 /* Resources */ = {
			isa = PBXResourcesBuildPhase;
			buildActionMask = 2147483647;
			files = (
				84F9B24223DB3137009A29A6 /* LaunchScreen.storyboard in Resources */,
				84F9B23F23DB3137009A29A6 /* Assets.xcassets in Resources */,
			);
			runOnlyForDeploymentPostprocessing = 0;
		};
/* End PBXResourcesBuildPhase section */

/* Begin PBXSourcesBuildPhase section */
		84F9B22E23DB3136009A29A6 /* Sources */ = {
			isa = PBXSourcesBuildPhase;
			buildActionMask = 2147483647;
			files = (
				8431927223E0379F00EF7FF9 /* Model.swift in Sources */,
				8431926A23DF31D700EF7FF9 /* ShowDisplayViewController.swift in Sources */,
				8431926C23DF3C4900EF7FF9 /* InfoProtocol.swift in Sources */,
				84F9B23A23DB3136009A29A6 /* ViewController.swift in Sources */,
				84F9B23623DB3136009A29A6 /* AppDelegate.swift in Sources */,
				8431929623E065D500EF7FF9 /* TextViewController.swift in Sources */,
				8431926E23DF3CA100EF7FF9 /* AvilableClasses.swift in Sources */,
				84F9B23823DB3136009A29A6 /* SceneDelegate.swift in Sources */,
				8431927423E039A800EF7FF9 /* JSONService.swift in Sources */,
			);
			runOnlyForDeploymentPostprocessing = 0;
		};
/* End PBXSourcesBuildPhase section */

/* Begin PBXVariantGroup section */
		84F9B24023DB3137009A29A6 /* LaunchScreen.storyboard */ = {
			isa = PBXVariantGroup;
			children = (
				84F9B24123DB3137009A29A6 /* Base */,
			);
			name = LaunchScreen.storyboard;
			sourceTree = "<group>";
		};
/* End PBXVariantGroup section */

/* Begin XCBuildConfiguration section */
		84F9B24423DB3137009A29A6 /* Debug */ = {
			isa = XCBuildConfiguration;
			buildSettings = {
				ALWAYS_SEARCH_USER_PATHS = NO;
				CLANG_ANALYZER_NONNULL = YES;
				CLANG_ANALYZER_NUMBER_OBJECT_CONVERSION = YES_AGGRESSIVE;
				CLANG_CXX_LANGUAGE_STANDARD = "gnu++14";
				CLANG_CXX_LIBRARY = "libc++";
				CLANG_ENABLE_MODULES = YES;
				CLANG_ENABLE_OBJC_ARC = YES;
				CLANG_ENABLE_OBJC_WEAK = YES;
				CLANG_WARN_BLOCK_CAPTURE_AUTORELEASING = YES;
				CLANG_WARN_BOOL_CONVERSION = YES;
				CLANG_WARN_COMMA = YES;
				CLANG_WARN_CONSTANT_CONVERSION = YES;
				CLANG_WARN_DEPRECATED_OBJC_IMPLEMENTATIONS = YES;
				CLANG_WARN_DIRECT_OBJC_ISA_USAGE = YES_ERROR;
				CLANG_WARN_DOCUMENTATION_COMMENTS = YES;
				CLANG_WARN_EMPTY_BODY = YES;
				CLANG_WARN_ENUM_CONVERSION = YES;
				CLANG_WARN_INFINITE_RECURSION = YES;
				CLANG_WARN_INT_CONVERSION = YES;
				CLANG_WARN_NON_LITERAL_NULL_CONVERSION = YES;
				CLANG_WARN_OBJC_IMPLICIT_RETAIN_SELF = YES;
				CLANG_WARN_OBJC_LITERAL_CONVERSION = YES;
				CLANG_WARN_OBJC_ROOT_CLASS = YES_ERROR;
				CLANG_WARN_RANGE_LOOP_ANALYSIS = YES;
				CLANG_WARN_STRICT_PROTOTYPES = YES;
				CLANG_WARN_SUSPICIOUS_MOVE = YES;
				CLANG_WARN_UNGUARDED_AVAILABILITY = YES_AGGRESSIVE;
				CLANG_WARN_UNREACHABLE_CODE = YES;
				CLANG_WARN__DUPLICATE_METHOD_MATCH = YES;
				COPY_PHASE_STRIP = NO;
				DEBUG_INFORMATION_FORMAT = dwarf;
				ENABLE_STRICT_OBJC_MSGSEND = YES;
				ENABLE_TESTABILITY = YES;
				GCC_C_LANGUAGE_STANDARD = gnu11;
				GCC_DYNAMIC_NO_PIC = NO;
				GCC_NO_COMMON_BLOCKS = YES;
				GCC_OPTIMIZATION_LEVEL = 0;
				GCC_PREPROCESSOR_DEFINITIONS = (
					"DEBUG=1",
					"$(inherited)",
				);
				GCC_WARN_64_TO_32_BIT_CONVERSION = YES;
				GCC_WARN_ABOUT_RETURN_TYPE = YES_ERROR;
				GCC_WARN_UNDECLARED_SELECTOR = YES;
				GCC_WARN_UNINITIALIZED_AUTOS = YES_AGGRESSIVE;
				GCC_WARN_UNUSED_FUNCTION = YES;
				GCC_WARN_UNUSED_VARIABLE = YES;
				IPHONEOS_DEPLOYMENT_TARGET = 13.2;
				MTL_ENABLE_DEBUG_INFO = INCLUDE_SOURCE;
				MTL_FAST_MATH = YES;
				ONLY_ACTIVE_ARCH = YES;
				SDKROOT = iphoneos;
				SWIFT_ACTIVE_COMPILATION_CONDITIONS = DEBUG;
				SWIFT_OPTIMIZATION_LEVEL = "-Onone";
			};
			name = Debug;
		};
		84F9B24523DB3137009A29A6 /* Release */ = {
			isa = XCBuildConfiguration;
			buildSettings = {
				ALWAYS_SEARCH_USER_PATHS = NO;
				CLANG_ANALYZER_NONNULL = YES;
				CLANG_ANALYZER_NUMBER_OBJECT_CONVERSION = YES_AGGRESSIVE;
				CLANG_CXX_LANGUAGE_STANDARD = "gnu++14";
				CLANG_CXX_LIBRARY = "libc++";
				CLANG_ENABLE_MODULES = YES;
				CLANG_ENABLE_OBJC_ARC = YES;
				CLANG_ENABLE_OBJC_WEAK = YES;
				CLANG_WARN_BLOCK_CAPTURE_AUTORELEASING = YES;
				CLANG_WARN_BOOL_CONVERSION = YES;
				CLANG_WARN_COMMA = YES;
				CLANG_WARN_CONSTANT_CONVERSION = YES;
				CLANG_WARN_DEPRECATED_OBJC_IMPLEMENTATIONS = YES;
				CLANG_WARN_DIRECT_OBJC_ISA_USAGE = YES_ERROR;
				CLANG_WARN_DOCUMENTATION_COMMENTS = YES;
				CLANG_WARN_EMPTY_BODY = YES;
				CLANG_WARN_ENUM_CONVERSION = YES;
				CLANG_WARN_INFINITE_RECURSION = YES;
				CLANG_WARN_INT_CONVERSION = YES;
				CLANG_WARN_NON_LITERAL_NULL_CONVERSION = YES;
				CLANG_WARN_OBJC_IMPLICIT_RETAIN_SELF = YES;
				CLANG_WARN_OBJC_LITERAL_CONVERSION = YES;
				CLANG_WARN_OBJC_ROOT_CLASS = YES_ERROR;
				CLANG_WARN_RANGE_LOOP_ANALYSIS = YES;
				CLANG_WARN_STRICT_PROTOTYPES = YES;
				CLANG_WARN_SUSPICIOUS_MOVE = YES;
				CLANG_WARN_UNGUARDED_AVAILABILITY = YES_AGGRESSIVE;
				CLANG_WARN_UNREACHABLE_CODE = YES;
				CLANG_WARN__DUPLICATE_METHOD_MATCH = YES;
				COPY_PHASE_STRIP = NO;
				DEBUG_INFORMATION_FORMAT = "dwarf-with-dsym";
				ENABLE_NS_ASSERTIONS = NO;
				ENABLE_STRICT_OBJC_MSGSEND = YES;
				GCC_C_LANGUAGE_STANDARD = gnu11;
				GCC_NO_COMMON_BLOCKS = YES;
				GCC_WARN_64_TO_32_BIT_CONVERSION = YES;
				GCC_WARN_ABOUT_RETURN_TYPE = YES_ERROR;
				GCC_WARN_UNDECLARED_SELECTOR = YES;
				GCC_WARN_UNINITIALIZED_AUTOS = YES_AGGRESSIVE;
				GCC_WARN_UNUSED_FUNCTION = YES;
				GCC_WARN_UNUSED_VARIABLE = YES;
				IPHONEOS_DEPLOYMENT_TARGET = 13.2;
				MTL_ENABLE_DEBUG_INFO = NO;
				MTL_FAST_MATH = YES;
				SDKROOT = iphoneos;
				SWIFT_COMPILATION_MODE = wholemodule;
				SWIFT_OPTIMIZATION_LEVEL = "-O";
				VALIDATE_PRODUCT = YES;
			};
			name = Release;
		};
		84F9B24723DB3137009A29A6 /* Debug */ = {
			isa = XCBuildConfiguration;
			buildSettings = {
				ASSETCATALOG_COMPILER_APPICON_NAME = AppIcon;
				CODE_SIGN_STYLE = Automatic;
				DEVELOPMENT_TEAM = 29U4N24KXN;
				INFOPLIST_FILE = BooksAndMagazines/Info.plist;
				LD_RUNPATH_SEARCH_PATHS = (
					"$(inherited)",
					"@executable_path/Frameworks",
				);
				PRODUCT_BUNDLE_IDENTIFIER = sbrf.BooksAndMagazines;
				PRODUCT_NAME = "$(TARGET_NAME)";
				SWIFT_VERSION = 5.0;
				TARGETED_DEVICE_FAMILY = "1,2";
			};
			name = Debug;
		};
		84F9B24823DB3137009A29A6 /* Release */ = {
			isa = XCBuildConfiguration;
			buildSettings = {
				ASSETCATALOG_COMPILER_APPICON_NAME = AppIcon;
				CODE_SIGN_STYLE = Automatic;
				DEVELOPMENT_TEAM = 29U4N24KXN;
				INFOPLIST_FILE = BooksAndMagazines/Info.plist;
				LD_RUNPATH_SEARCH_PATHS = (
					"$(inherited)",
					"@executable_path/Frameworks",
				);
				PRODUCT_BUNDLE_IDENTIFIER = sbrf.BooksAndMagazines;
				PRODUCT_NAME = "$(TARGET_NAME)";
				SWIFT_VERSION = 5.0;
				TARGETED_DEVICE_FAMILY = "1,2";
			};
			name = Release;
		};
/* End XCBuildConfiguration section */

/* Begin XCConfigurationList section */
		84F9B22D23DB3136009A29A6 /* Build configuration list for PBXProject "BooksAndMagazines" */ = {
			isa = XCConfigurationList;
			buildConfigurations = (
				84F9B24423DB3137009A29A6 /* Debug */,
				84F9B24523DB3137009A29A6 /* Release */,
			);
			defaultConfigurationIsVisible = 0;
			defaultConfigurationName = Release;
		};
		84F9B24623DB3137009A29A6 /* Build configuration list for PBXNativeTarget "BooksAndMagazines" */ = {
			isa = XCConfigurationList;
			buildConfigurations = (
				84F9B24723DB3137009A29A6 /* Debug */,
				84F9B24823DB3137009A29A6 /* Release */,
			);
			defaultConfigurationIsVisible = 0;
			defaultConfigurationName = Release;
		};
/* End XCConfigurationList section */
	};
	rootObject = 84F9B22A23DB3136009A29A6 /* Project object */;
}
