// !$*UTF8*$!
{
	archiveVersion = 1;
	classes = {
	};
	objectVersion = 50;
	objects = {

/* Begin PBXBuildFile section */
		00AA1B9623B2A719003BCEBF /* AppDelegate.swift in Sources */ = {isa = PBXBuildFile; fileRef = 00AA1B9523B2A719003BCEBF /* AppDelegate.swift */; };
		00AA1B9823B2A719003BCEBF /* SceneDelegate.swift in Sources */ = {isa = PBXBuildFile; fileRef = 00AA1B9723B2A719003BCEBF /* SceneDelegate.swift */; };
		00AA1B9D23B2A719003BCEBF /* Main.storyboard in Resources */ = {isa = PBXBuildFile; fileRef = 00AA1B9B23B2A719003BCEBF /* Main.storyboard */; };
		00AA1B9F23B2A71A003BCEBF /* Assets.xcassets in Resources */ = {isa = PBXBuildFile; fileRef = 00AA1B9E23B2A71A003BCEBF /* Assets.xcassets */; };
		00AA1BA223B2A71A003BCEBF /* LaunchScreen.storyboard in Resources */ = {isa = PBXBuildFile; fileRef = 00AA1BA023B2A71A003BCEBF /* LaunchScreen.storyboard */; };
		00AA1BAA23B2A752003BCEBF /* AddDisplayTVC.storyboard in Resources */ = {isa = PBXBuildFile; fileRef = 00AA1BA923B2A752003BCEBF /* AddDisplayTVC.storyboard */; };
		00AA1BAC23B2A77E003BCEBF /* EditDisplayTVC.storyboard in Resources */ = {isa = PBXBuildFile; fileRef = 00AA1BAB23B2A77E003BCEBF /* EditDisplayTVC.storyboard */; };
		00AA1BB223B2AAC5003BCEBF /* CustomCellClass.swift in Sources */ = {isa = PBXBuildFile; fileRef = 00AA1BB123B2AAC5003BCEBF /* CustomCellClass.swift */; };
		00AA1BB423B2AB99003BCEBF /* MainTVC.swift in Sources */ = {isa = PBXBuildFile; fileRef = 00AA1BB323B2AB99003BCEBF /* MainTVC.swift */; };
		00AA1BB623B2ABC2003BCEBF /* AddDisplayTVC.swift in Sources */ = {isa = PBXBuildFile; fileRef = 00AA1BB523B2ABC2003BCEBF /* AddDisplayTVC.swift */; };
		00AA1BB823B2ABE5003BCEBF /* EditDisplayTVC.swift in Sources */ = {isa = PBXBuildFile; fileRef = 00AA1BB723B2ABE5003BCEBF /* EditDisplayTVC.swift */; };
		8415FEF723CF3646004A8CBE /* DayClass+CoreDataClass.swift in Sources */ = {isa = PBXBuildFile; fileRef = 8415FEF523CF3646004A8CBE /* DayClass+CoreDataClass.swift */; };
		8415FEF823CF3646004A8CBE /* DayClass+CoreDataProperties.swift in Sources */ = {isa = PBXBuildFile; fileRef = 8415FEF623CF3646004A8CBE /* DayClass+CoreDataProperties.swift */; };
		8415FEF923CF3F61004A8CBE /* CoreData.xcdatamodeld in Resources */ = {isa = PBXBuildFile; fileRef = 8415FEF223CF35B0004A8CBE /* CoreData.xcdatamodeld */; };
		8415FEFB23D05588004A8CBE /* CoreDataService.swift in Sources */ = {isa = PBXBuildFile; fileRef = 8415FEFA23D05588004A8CBE /* CoreDataService.swift */; };
/* End PBXBuildFile section */

/* Begin PBXFileReference section */
		00AA1B9223B2A719003BCEBF /* reworked.app */ = {isa = PBXFileReference; explicitFileType = wrapper.application; includeInIndex = 0; path = reworked.app; sourceTree = BUILT_PRODUCTS_DIR; };
		00AA1B9523B2A719003BCEBF /* AppDelegate.swift */ = {isa = PBXFileReference; lastKnownFileType = sourcecode.swift; path = AppDelegate.swift; sourceTree = "<group>"; };
		00AA1B9723B2A719003BCEBF /* SceneDelegate.swift */ = {isa = PBXFileReference; lastKnownFileType = sourcecode.swift; path = SceneDelegate.swift; sourceTree = "<group>"; };
		00AA1B9C23B2A719003BCEBF /* Base */ = {isa = PBXFileReference; lastKnownFileType = file.storyboard; name = Base; path = Base.lproj/Main.storyboard; sourceTree = "<group>"; };
		00AA1B9E23B2A71A003BCEBF /* Assets.xcassets */ = {isa = PBXFileReference; lastKnownFileType = folder.assetcatalog; path = Assets.xcassets; sourceTree = "<group>"; };
		00AA1BA123B2A71A003BCEBF /* Base */ = {isa = PBXFileReference; lastKnownFileType = file.storyboard; name = Base; path = Base.lproj/LaunchScreen.storyboard; sourceTree = "<group>"; };
		00AA1BA323B2A71A003BCEBF /* Info.plist */ = {isa = PBXFileReference; lastKnownFileType = text.plist.xml; path = Info.plist; sourceTree = "<group>"; };
		00AA1BA923B2A752003BCEBF /* AddDisplayTVC.storyboard */ = {isa = PBXFileReference; lastKnownFileType = file.storyboard; path = AddDisplayTVC.storyboard; sourceTree = "<group>"; };
		00AA1BAB23B2A77E003BCEBF /* EditDisplayTVC.storyboard */ = {isa = PBXFileReference; lastKnownFileType = file.storyboard; path = EditDisplayTVC.storyboard; sourceTree = "<group>"; };
		00AA1BB123B2AAC5003BCEBF /* CustomCellClass.swift */ = {isa = PBXFileReference; lastKnownFileType = sourcecode.swift; path = CustomCellClass.swift; sourceTree = "<group>"; };
		00AA1BB323B2AB99003BCEBF /* MainTVC.swift */ = {isa = PBXFileReference; lastKnownFileType = sourcecode.swift; path = MainTVC.swift; sourceTree = "<group>"; };
		00AA1BB523B2ABC2003BCEBF /* AddDisplayTVC.swift */ = {isa = PBXFileReference; lastKnownFileType = sourcecode.swift; path = AddDisplayTVC.swift; sourceTree = "<group>"; };
		00AA1BB723B2ABE5003BCEBF /* EditDisplayTVC.swift */ = {isa = PBXFileReference; lastKnownFileType = sourcecode.swift; path = EditDisplayTVC.swift; sourceTree = "<group>"; };
		8415FEF323CF35B0004A8CBE /* CoreData.xcdatamodel */ = {isa = PBXFileReference; lastKnownFileType = wrapper.xcdatamodel; path = CoreData.xcdatamodel; sourceTree = "<group>"; };
		8415FEF523CF3646004A8CBE /* DayClass+CoreDataClass.swift */ = {isa = PBXFileReference; lastKnownFileType = sourcecode.swift; path = "DayClass+CoreDataClass.swift"; sourceTree = "<group>"; };
		8415FEF623CF3646004A8CBE /* DayClass+CoreDataProperties.swift */ = {isa = PBXFileReference; lastKnownFileType = sourcecode.swift; path = "DayClass+CoreDataProperties.swift"; sourceTree = "<group>"; };
		8415FEFA23D05588004A8CBE /* CoreDataService.swift */ = {isa = PBXFileReference; lastKnownFileType = sourcecode.swift; path = CoreDataService.swift; sourceTree = "<group>"; };
/* End PBXFileReference section */

/* Begin PBXFrameworksBuildPhase section */
		00AA1B8F23B2A719003BCEBF /* Frameworks */ = {
			isa = PBXFrameworksBuildPhase;
			buildActionMask = 2147483647;
			files = (
			);
			runOnlyForDeploymentPostprocessing = 0;
		};
/* End PBXFrameworksBuildPhase section */

/* Begin PBXGroup section */
		00AA1B8923B2A719003BCEBF = {
			isa = PBXGroup;
			children = (
				00AA1B9423B2A719003BCEBF /* reworked */,
				00AA1B9323B2A719003BCEBF /* Products */,
			);
			sourceTree = "<group>";
		};
		00AA1B9323B2A719003BCEBF /* Products */ = {
			isa = PBXGroup;
			children = (
				00AA1B9223B2A719003BCEBF /* reworked.app */,
			);
			name = Products;
			sourceTree = "<group>";
		};
		00AA1B9423B2A719003BCEBF /* reworked */ = {
			isa = PBXGroup;
			children = (
				8415FEF523CF3646004A8CBE /* DayClass+CoreDataClass.swift */,
				8415FEF623CF3646004A8CBE /* DayClass+CoreDataProperties.swift */,
				00AA1B9E23B2A71A003BCEBF /* Assets.xcassets */,
				00AA1B9523B2A719003BCEBF /* AppDelegate.swift */,
				00AA1B9723B2A719003BCEBF /* SceneDelegate.swift */,
				8415FEFA23D05588004A8CBE /* CoreDataService.swift */,
				00AA1BA323B2A71A003BCEBF /* Info.plist */,
				00AA1BA023B2A71A003BCEBF /* LaunchScreen.storyboard */,
				00AA1BB323B2AB99003BCEBF /* MainTVC.swift */,
				00AA1B9B23B2A719003BCEBF /* Main.storyboard */,
				00AA1BB523B2ABC2003BCEBF /* AddDisplayTVC.swift */,
				00AA1BA923B2A752003BCEBF /* AddDisplayTVC.storyboard */,
				00AA1BB723B2ABE5003BCEBF /* EditDisplayTVC.swift */,
				00AA1BAB23B2A77E003BCEBF /* EditDisplayTVC.storyboard */,
				00AA1BB123B2AAC5003BCEBF /* CustomCellClass.swift */,
				8415FEF223CF35B0004A8CBE /* CoreData.xcdatamodeld */,
			);
			path = reworked;
			sourceTree = "<group>";
		};
/* End PBXGroup section */

/* Begin PBXNativeTarget section */
		00AA1B9123B2A719003BCEBF /* reworked */ = {
			isa = PBXNativeTarget;
			buildConfigurationList = 00AA1BA623B2A71A003BCEBF /* Build configuration list for PBXNativeTarget "reworked" */;
			buildPhases = (
				00AA1B8E23B2A719003BCEBF /* Sources */,
				00AA1B8F23B2A719003BCEBF /* Frameworks */,
				00AA1B9023B2A719003BCEBF /* Resources */,
			);
			buildRules = (
			);
			dependencies = (
			);
			name = reworked;
			productName = reworked;
			productReference = 00AA1B9223B2A719003BCEBF /* reworked.app */;
			productType = "com.apple.product-type.application";
		};
/* End PBXNativeTarget section */

/* Begin PBXProject section */
		00AA1B8A23B2A719003BCEBF /* Project object */ = {
			isa = PBXProject;
			attributes = {
				LastSwiftUpdateCheck = 1110;
				LastUpgradeCheck = 1110;
				ORGANIZATIONNAME = "Дмитрий";
				TargetAttributes = {
					00AA1B9123B2A719003BCEBF = {
						CreatedOnToolsVersion = 11.1;
					};
				};
			};
			buildConfigurationList = 00AA1B8D23B2A719003BCEBF /* Build configuration list for PBXProject "reworked" */;
			compatibilityVersion = "Xcode 9.3";
			developmentRegion = en;
			hasScannedForEncodings = 0;
			knownRegions = (
				en,
				Base,
			);
			mainGroup = 00AA1B8923B2A719003BCEBF;
			productRefGroup = 00AA1B9323B2A719003BCEBF /* Products */;
			projectDirPath = "";
			projectRoot = "";
			targets = (
				00AA1B9123B2A719003BCEBF /* reworked */,
			);
		};
/* End PBXProject section */

/* Begin PBXResourcesBuildPhase section */
		00AA1B9023B2A719003BCEBF /* Resources */ = {
			isa = PBXResourcesBuildPhase;
			buildActionMask = 2147483647;
			files = (
				8415FEF923CF3F61004A8CBE /* CoreData.xcdatamodeld in Resources */,
				00AA1BA223B2A71A003BCEBF /* LaunchScreen.storyboard in Resources */,
				00AA1B9F23B2A71A003BCEBF /* Assets.xcassets in Resources */,
				00AA1B9D23B2A719003BCEBF /* Main.storyboard in Resources */,
				00AA1BAC23B2A77E003BCEBF /* EditDisplayTVC.storyboard in Resources */,
				00AA1BAA23B2A752003BCEBF /* AddDisplayTVC.storyboard in Resources */,
			);
			runOnlyForDeploymentPostprocessing = 0;
		};
/* End PBXResourcesBuildPhase section */

/* Begin PBXSourcesBuildPhase section */
		00AA1B8E23B2A719003BCEBF /* Sources */ = {
			isa = PBXSourcesBuildPhase;
			buildActionMask = 2147483647;
			files = (
				00AA1BB823B2ABE5003BCEBF /* EditDisplayTVC.swift in Sources */,
				00AA1BB623B2ABC2003BCEBF /* AddDisplayTVC.swift in Sources */,
				8415FEF723CF3646004A8CBE /* DayClass+CoreDataClass.swift in Sources */,
				00AA1B9623B2A719003BCEBF /* AppDelegate.swift in Sources */,
				8415FEFB23D05588004A8CBE /* CoreDataService.swift in Sources */,
				00AA1B9823B2A719003BCEBF /* SceneDelegate.swift in Sources */,
				8415FEF823CF3646004A8CBE /* DayClass+CoreDataProperties.swift in Sources */,
				00AA1BB223B2AAC5003BCEBF /* CustomCellClass.swift in Sources */,
				00AA1BB423B2AB99003BCEBF /* MainTVC.swift in Sources */,
			);
			runOnlyForDeploymentPostprocessing = 0;
		};
/* End PBXSourcesBuildPhase section */

/* Begin PBXVariantGroup section */
		00AA1B9B23B2A719003BCEBF /* Main.storyboard */ = {
			isa = PBXVariantGroup;
			children = (
				00AA1B9C23B2A719003BCEBF /* Base */,
			);
			name = Main.storyboard;
			sourceTree = "<group>";
		};
		00AA1BA023B2A71A003BCEBF /* LaunchScreen.storyboard */ = {
			isa = PBXVariantGroup;
			children = (
				00AA1BA123B2A71A003BCEBF /* Base */,
			);
			name = LaunchScreen.storyboard;
			sourceTree = "<group>";
		};
/* End PBXVariantGroup section */

/* Begin XCBuildConfiguration section */
		00AA1BA423B2A71A003BCEBF /* Debug */ = {
			isa = XCBuildConfiguration;
			buildSettings = {
				ALWAYS_SEARCH_USER_PATHS = NO;
				CLANG_ANALYZER_NONNULL = YES;
				CLANG_ANALYZER_NUMBER_OBJECT_CONVERSION = YES_AGGRESSIVE;
				CLANG_CXX_LANGUAGE_STANDARD = "gnu++14";
				CLANG_CXX_LIBRARY = "libc++";
				CLANG_ENABLE_MODULES = YES;
				CLANG_ENABLE_OBJC_ARC = YES;
				CLANG_ENABLE_OBJC_WEAK = YES;
				CLANG_WARN_BLOCK_CAPTURE_AUTORELEASING = YES;
				CLANG_WARN_BOOL_CONVERSION = YES;
				CLANG_WARN_COMMA = YES;
				CLANG_WARN_CONSTANT_CONVERSION = YES;
				CLANG_WARN_DEPRECATED_OBJC_IMPLEMENTATIONS = YES;
				CLANG_WARN_DIRECT_OBJC_ISA_USAGE = YES_ERROR;
				CLANG_WARN_DOCUMENTATION_COMMENTS = YES;
				CLANG_WARN_EMPTY_BODY = YES;
				CLANG_WARN_ENUM_CONVERSION = YES;
				CLANG_WARN_INFINITE_RECURSION = YES;
				CLANG_WARN_INT_CONVERSION = YES;
				CLANG_WARN_NON_LITERAL_NULL_CONVERSION = YES;
				CLANG_WARN_OBJC_IMPLICIT_RETAIN_SELF = YES;
				CLANG_WARN_OBJC_LITERAL_CONVERSION = YES;
				CLANG_WARN_OBJC_ROOT_CLASS = YES_ERROR;
				CLANG_WARN_RANGE_LOOP_ANALYSIS = YES;
				CLANG_WARN_STRICT_PROTOTYPES = YES;
				CLANG_WARN_SUSPICIOUS_MOVE = YES;
				CLANG_WARN_UNGUARDED_AVAILABILITY = YES_AGGRESSIVE;
				CLANG_WARN_UNREACHABLE_CODE = YES;
				CLANG_WARN__DUPLICATE_METHOD_MATCH = YES;
				COPY_PHASE_STRIP = NO;
				DEBUG_INFORMATION_FORMAT = dwarf;
				ENABLE_STRICT_OBJC_MSGSEND = YES;
				ENABLE_TESTABILITY = YES;
				GCC_C_LANGUAGE_STANDARD = gnu11;
				GCC_DYNAMIC_NO_PIC = NO;
				GCC_NO_COMMON_BLOCKS = YES;
				GCC_OPTIMIZATION_LEVEL = 0;
				GCC_PREPROCESSOR_DEFINITIONS = (
					"DEBUG=1",
					"$(inherited)",
				);
				GCC_WARN_64_TO_32_BIT_CONVERSION = YES;
				GCC_WARN_ABOUT_RETURN_TYPE = YES_ERROR;
				GCC_WARN_UNDECLARED_SELECTOR = YES;
				GCC_WARN_UNINITIALIZED_AUTOS = YES_AGGRESSIVE;
				GCC_WARN_UNUSED_FUNCTION = YES;
				GCC_WARN_UNUSED_VARIABLE = YES;
				IPHONEOS_DEPLOYMENT_TARGET = 13.1;
				MTL_ENABLE_DEBUG_INFO = INCLUDE_SOURCE;
				MTL_FAST_MATH = YES;
				ONLY_ACTIVE_ARCH = YES;
				SDKROOT = iphoneos;
				SWIFT_ACTIVE_COMPILATION_CONDITIONS = DEBUG;
				SWIFT_OPTIMIZATION_LEVEL = "-Onone";
			};
			name = Debug;
		};
		00AA1BA523B2A71A003BCEBF /* Release */ = {
			isa = XCBuildConfiguration;
			buildSettings = {
				ALWAYS_SEARCH_USER_PATHS = NO;
				CLANG_ANALYZER_NONNULL = YES;
				CLANG_ANALYZER_NUMBER_OBJECT_CONVERSION = YES_AGGRESSIVE;
				CLANG_CXX_LANGUAGE_STANDARD = "gnu++14";
				CLANG_CXX_LIBRARY = "libc++";
				CLANG_ENABLE_MODULES = YES;
				CLANG_ENABLE_OBJC_ARC = YES;
				CLANG_ENABLE_OBJC_WEAK = YES;
				CLANG_WARN_BLOCK_CAPTURE_AUTORELEASING = YES;
				CLANG_WARN_BOOL_CONVERSION = YES;
				CLANG_WARN_COMMA = YES;
				CLANG_WARN_CONSTANT_CONVERSION = YES;
				CLANG_WARN_DEPRECATED_OBJC_IMPLEMENTATIONS = YES;
				CLANG_WARN_DIRECT_OBJC_ISA_USAGE = YES_ERROR;
				CLANG_WARN_DOCUMENTATION_COMMENTS = YES;
				CLANG_WARN_EMPTY_BODY = YES;
				CLANG_WARN_ENUM_CONVERSION = YES;
				CLANG_WARN_INFINITE_RECURSION = YES;
				CLANG_WARN_INT_CONVERSION = YES;
				CLANG_WARN_NON_LITERAL_NULL_CONVERSION = YES;
				CLANG_WARN_OBJC_IMPLICIT_RETAIN_SELF = YES;
				CLANG_WARN_OBJC_LITERAL_CONVERSION = YES;
				CLANG_WARN_OBJC_ROOT_CLASS = YES_ERROR;
				CLANG_WARN_RANGE_LOOP_ANALYSIS = YES;
				CLANG_WARN_STRICT_PROTOTYPES = YES;
				CLANG_WARN_SUSPICIOUS_MOVE = YES;
				CLANG_WARN_UNGUARDED_AVAILABILITY = YES_AGGRESSIVE;
				CLANG_WARN_UNREACHABLE_CODE = YES;
				CLANG_WARN__DUPLICATE_METHOD_MATCH = YES;
				COPY_PHASE_STRIP = NO;
				DEBUG_INFORMATION_FORMAT = "dwarf-with-dsym";
				ENABLE_NS_ASSERTIONS = NO;
				ENABLE_STRICT_OBJC_MSGSEND = YES;
				GCC_C_LANGUAGE_STANDARD = gnu11;
				GCC_NO_COMMON_BLOCKS = YES;
				GCC_WARN_64_TO_32_BIT_CONVERSION = YES;
				GCC_WARN_ABOUT_RETURN_TYPE = YES_ERROR;
				GCC_WARN_UNDECLARED_SELECTOR = YES;
				GCC_WARN_UNINITIALIZED_AUTOS = YES_AGGRESSIVE;
				GCC_WARN_UNUSED_FUNCTION = YES;
				GCC_WARN_UNUSED_VARIABLE = YES;
				IPHONEOS_DEPLOYMENT_TARGET = 13.1;
				MTL_ENABLE_DEBUG_INFO = NO;
				MTL_FAST_MATH = YES;
				SDKROOT = iphoneos;
				SWIFT_COMPILATION_MODE = wholemodule;
				SWIFT_OPTIMIZATION_LEVEL = "-O";
				VALIDATE_PRODUCT = YES;
			};
			name = Release;
		};
		00AA1BA723B2A71A003BCEBF /* Debug */ = {
			isa = XCBuildConfiguration;
			buildSettings = {
				ASSETCATALOG_COMPILER_APPICON_NAME = AppIcon;
				CODE_SIGN_IDENTITY = "Apple Development";
				CODE_SIGN_STYLE = Automatic;
				DEVELOPMENT_TEAM = 29U4N24KXN;
				INFOPLIST_FILE = reworked/Info.plist;
				IPHONEOS_DEPLOYMENT_TARGET = 13.1;
				LD_RUNPATH_SEARCH_PATHS = (
					"$(inherited)",
					"@executable_path/Frameworks",
				);
				PRODUCT_BUNDLE_IDENTIFIER = "-424114241";
				PRODUCT_NAME = "$(TARGET_NAME)";
				PROVISIONING_PROFILE_SPECIFIER = "";
				SWIFT_VERSION = 5.0;
				TARGETED_DEVICE_FAMILY = 1;
			};
			name = Debug;
		};
		00AA1BA823B2A71A003BCEBF /* Release */ = {
			isa = XCBuildConfiguration;
			buildSettings = {
				ASSETCATALOG_COMPILER_APPICON_NAME = AppIcon;
				CODE_SIGN_IDENTITY = "Apple Development";
				CODE_SIGN_STYLE = Automatic;
				DEVELOPMENT_TEAM = 29U4N24KXN;
				INFOPLIST_FILE = reworked/Info.plist;
				IPHONEOS_DEPLOYMENT_TARGET = 13.1;
				LD_RUNPATH_SEARCH_PATHS = (
					"$(inherited)",
					"@executable_path/Frameworks",
				);
				PRODUCT_BUNDLE_IDENTIFIER = "-424114241";
				PRODUCT_NAME = "$(TARGET_NAME)";
				PROVISIONING_PROFILE_SPECIFIER = "";
				SWIFT_VERSION = 5.0;
				TARGETED_DEVICE_FAMILY = 1;
			};
			name = Release;
		};
/* End XCBuildConfiguration section */

/* Begin XCConfigurationList section */
		00AA1B8D23B2A719003BCEBF /* Build configuration list for PBXProject "reworked" */ = {
			isa = XCConfigurationList;
			buildConfigurations = (
				00AA1BA423B2A71A003BCEBF /* Debug */,
				00AA1BA523B2A71A003BCEBF /* Release */,
			);
			defaultConfigurationIsVisible = 0;
			defaultConfigurationName = Debug;
		};
		00AA1BA623B2A71A003BCEBF /* Build configuration list for PBXNativeTarget "reworked" */ = {
			isa = XCConfigurationList;
			buildConfigurations = (
				00AA1BA723B2A71A003BCEBF /* Debug */,
				00AA1BA823B2A71A003BCEBF /* Release */,
			);
			defaultConfigurationIsVisible = 0;
			defaultConfigurationName = Debug;
		};
/* End XCConfigurationList section */

/* Begin XCVersionGroup section */
		8415FEF223CF35B0004A8CBE /* CoreData.xcdatamodeld */ = {
			isa = XCVersionGroup;
			children = (
				8415FEF323CF35B0004A8CBE /* CoreData.xcdatamodel */,
			);
			currentVersion = 8415FEF323CF35B0004A8CBE /* CoreData.xcdatamodel */;
			path = CoreData.xcdatamodeld;
			sourceTree = "<group>";
			versionGroupType = wrapper.xcdatamodel;
		};
/* End XCVersionGroup section */
	};
	rootObject = 00AA1B8A23B2A719003BCEBF /* Project object */;
}
